// !$*UTF8*$!
{
	archiveVersion = 1;
	classes = {
	};
	objectVersion = 50;
	objects = {

/* Begin PBXBuildFile section */
		B54EC3E122F4823C0071CCD7 /* AppDelegate.swift in Sources */ = {isa = PBXBuildFile; fileRef = B54EC3E022F4823C0071CCD7 /* AppDelegate.swift */; };
		B54EC3E322F4823C0071CCD7 /* ViewController.swift in Sources */ = {isa = PBXBuildFile; fileRef = B54EC3E222F4823C0071CCD7 /* ViewController.swift */; };
		B54EC3E622F4823C0071CCD7 /* Main.storyboard in Resources */ = {isa = PBXBuildFile; fileRef = B54EC3E422F4823C0071CCD7 /* Main.storyboard */; };
		B54EC3E922F4823C0071CCD7 /* LUCID_WEATHER_APP___iOLAP.xcdatamodeld in Sources */ = {isa = PBXBuildFile; fileRef = B54EC3E722F4823C0071CCD7 /* LUCID_WEATHER_APP___iOLAP.xcdatamodeld */; };
		B54EC3EB22F4823E0071CCD7 /* Assets.xcassets in Resources */ = {isa = PBXBuildFile; fileRef = B54EC3EA22F4823E0071CCD7 /* Assets.xcassets */; };
		B54EC3EE22F4823E0071CCD7 /* LaunchScreen.storyboard in Resources */ = {isa = PBXBuildFile; fileRef = B54EC3EC22F4823E0071CCD7 /* LaunchScreen.storyboard */; };
/* End PBXBuildFile section */

/* Begin PBXFileReference section */
		B54EC3DD22F4823C0071CCD7 /* LUCID WEATHER APP - iOLAP.app */ = {isa = PBXFileReference; explicitFileType = wrapper.application; includeInIndex = 0; path = "LUCID WEATHER APP - iOLAP.app"; sourceTree = BUILT_PRODUCTS_DIR; };
		B54EC3E022F4823C0071CCD7 /* AppDelegate.swift */ = {isa = PBXFileReference; lastKnownFileType = sourcecode.swift; path = AppDelegate.swift; sourceTree = "<group>"; };
		B54EC3E222F4823C0071CCD7 /* ViewController.swift */ = {isa = PBXFileReference; lastKnownFileType = sourcecode.swift; path = ViewController.swift; sourceTree = "<group>"; };
		B54EC3E522F4823C0071CCD7 /* Base */ = {isa = PBXFileReference; lastKnownFileType = file.storyboard; name = Base; path = Base.lproj/Main.storyboard; sourceTree = "<group>"; };
		B54EC3E822F4823C0071CCD7 /* LUCID_WEATHER_APP___iOLAP.xcdatamodel */ = {isa = PBXFileReference; lastKnownFileType = wrapper.xcdatamodel; path = "LUCID_WEATHER_APP___iOLAP.xcdatamodel"; sourceTree = "<group>"; };
		B54EC3EA22F4823E0071CCD7 /* Assets.xcassets */ = {isa = PBXFileReference; lastKnownFileType = folder.assetcatalog; path = Assets.xcassets; sourceTree = "<group>"; };
		B54EC3ED22F4823E0071CCD7 /* Base */ = {isa = PBXFileReference; lastKnownFileType = file.storyboard; name = Base; path = Base.lproj/LaunchScreen.storyboard; sourceTree = "<group>"; };
		B54EC3EF22F4823E0071CCD7 /* Info.plist */ = {isa = PBXFileReference; lastKnownFileType = text.plist.xml; path = Info.plist; sourceTree = "<group>"; };
/* End PBXFileReference section */

/* Begin PBXFrameworksBuildPhase section */
		B54EC3DA22F4823C0071CCD7 /* Frameworks */ = {
			isa = PBXFrameworksBuildPhase;
			buildActionMask = 2147483647;
			files = (
			);
			runOnlyForDeploymentPostprocessing = 0;
		};
/* End PBXFrameworksBuildPhase section */

/* Begin PBXGroup section */
		B54EC3D422F4823C0071CCD7 = {
			isa = PBXGroup;
			children = (
				B54EC3DF22F4823C0071CCD7 /* LUCID WEATHER APP - iOLAP */,
				B54EC3DE22F4823C0071CCD7 /* Products */,
			);
			sourceTree = "<group>";
		};
		B54EC3DE22F4823C0071CCD7 /* Products */ = {
			isa = PBXGroup;
			children = (
				B54EC3DD22F4823C0071CCD7 /* LUCID WEATHER APP - iOLAP.app */,
			);
			name = Products;
			sourceTree = "<group>";
		};
		B54EC3DF22F4823C0071CCD7 /* LUCID WEATHER APP - iOLAP */ = {
			isa = PBXGroup;
			children = (
				B54EC3E022F4823C0071CCD7 /* AppDelegate.swift */,
				B54EC3E222F4823C0071CCD7 /* ViewController.swift */,
				B54EC3E422F4823C0071CCD7 /* Main.storyboard */,
				B54EC3EA22F4823E0071CCD7 /* Assets.xcassets */,
				B54EC3EC22F4823E0071CCD7 /* LaunchScreen.storyboard */,
				B54EC3EF22F4823E0071CCD7 /* Info.plist */,
				B54EC3E722F4823C0071CCD7 /* LUCID_WEATHER_APP___iOLAP.xcdatamodeld */,
			);
			path = "LUCID WEATHER APP - iOLAP";
			sourceTree = "<group>";
		};
/* End PBXGroup section */

/* Begin PBXNativeTarget section */
		B54EC3DC22F4823C0071CCD7 /* LUCID WEATHER APP - iOLAP */ = {
			isa = PBXNativeTarget;
			buildConfigurationList = B54EC3F222F4823E0071CCD7 /* Build configuration list for PBXNativeTarget "LUCID WEATHER APP - iOLAP" */;
			buildPhases = (
				B54EC3D922F4823C0071CCD7 /* Sources */,
				B54EC3DA22F4823C0071CCD7 /* Frameworks */,
				B54EC3DB22F4823C0071CCD7 /* Resources */,
			);
			buildRules = (
			);
			dependencies = (
			);
			name = "LUCID WEATHER APP - iOLAP";
			productName = "LUCID WEATHER APP - iOLAP";
			productReference = B54EC3DD22F4823C0071CCD7 /* LUCID WEATHER APP - iOLAP.app */;
			productType = "com.apple.product-type.application";
		};
/* End PBXNativeTarget section */

/* Begin PBXProject section */
		B54EC3D522F4823C0071CCD7 /* Project object */ = {
			isa = PBXProject;
			attributes = {
				LastSwiftUpdateCheck = 1010;
				LastUpgradeCheck = 1010;
				ORGANIZATIONNAME = "Mateo Doslic";
				TargetAttributes = {
					B54EC3DC22F4823C0071CCD7 = {
						CreatedOnToolsVersion = 10.1;
					};
				};
			};
			buildConfigurationList = B54EC3D822F4823C0071CCD7 /* Build configuration list for PBXProject "LUCID WEATHER APP - iOLAP" */;
			compatibilityVersion = "Xcode 9.3";
			developmentRegion = en;
			hasScannedForEncodings = 0;
			knownRegions = (
				en,
				Base,
			);
			mainGroup = B54EC3D422F4823C0071CCD7;
			productRefGroup = B54EC3DE22F4823C0071CCD7 /* Products */;
			projectDirPath = "";
			projectRoot = "";
			targets = (
				B54EC3DC22F4823C0071CCD7 /* LUCID WEATHER APP - iOLAP */,
			);
		};
/* End PBXProject section */

/* Begin PBXResourcesBuildPhase section */
		B54EC3DB22F4823C0071CCD7 /* Resources */ = {
			isa = PBXResourcesBuildPhase;
			buildActionMask = 2147483647;
			files = (
				B54EC3EE22F4823E0071CCD7 /* LaunchScreen.storyboard in Resources */,
				B54EC3EB22F4823E0071CCD7 /* Assets.xcassets in Resources */,
				B54EC3E622F4823C0071CCD7 /* Main.storyboard in Resources */,
			);
			runOnlyForDeploymentPostprocessing = 0;
		};
/* End PBXResourcesBuildPhase section */

/* Begin PBXSourcesBuildPhase section */
		B54EC3D922F4823C0071CCD7 /* Sources */ = {
			isa = PBXSourcesBuildPhase;
			buildActionMask = 2147483647;
			files = (
				B54EC3E322F4823C0071CCD7 /* ViewController.swift in Sources */,
				B54EC3E122F4823C0071CCD7 /* AppDelegate.swift in Sources */,
				B54EC3E922F4823C0071CCD7 /* LUCID_WEATHER_APP___iOLAP.xcdatamodeld in Sources */,
			);
			runOnlyForDeploymentPostprocessing = 0;
		};
/* End PBXSourcesBuildPhase section */

/* Begin PBXVariantGroup section */
		B54EC3E422F4823C0071CCD7 /* Main.storyboard */ = {
			isa = PBXVariantGroup;
			children = (
				B54EC3E522F4823C0071CCD7 /* Base */,
			);
			name = Main.storyboard;
			sourceTree = "<group>";
		};
		B54EC3EC22F4823E0071CCD7 /* LaunchScreen.storyboard */ = {
			isa = PBXVariantGroup;
			children = (
				B54EC3ED22F4823E0071CCD7 /* Base */,
			);
			name = LaunchScreen.storyboard;
			sourceTree = "<group>";
		};
/* End PBXVariantGroup section */

/* Begin XCBuildConfiguration section */
		B54EC3F022F4823E0071CCD7 /* Debug */ = {
			isa = XCBuildConfiguration;
			buildSettings = {
				ALWAYS_SEARCH_USER_PATHS = NO;
				CLANG_ANALYZER_NONNULL = YES;
				CLANG_ANALYZER_NUMBER_OBJECT_CONVERSION = YES_AGGRESSIVE;
				CLANG_CXX_LANGUAGE_STANDARD = "gnu++14";
				CLANG_CXX_LIBRARY = "libc++";
				CLANG_ENABLE_MODULES = YES;
				CLANG_ENABLE_OBJC_ARC = YES;
				CLANG_ENABLE_OBJC_WEAK = YES;
				CLANG_WARN_BLOCK_CAPTURE_AUTORELEASING = YES;
				CLANG_WARN_BOOL_CONVERSION = YES;
				CLANG_WARN_COMMA = YES;
				CLANG_WARN_CONSTANT_CONVERSION = YES;
				CLANG_WARN_DEPRECATED_OBJC_IMPLEMENTATIONS = YES;
				CLANG_WARN_DIRECT_OBJC_ISA_USAGE = YES_ERROR;
				CLANG_WARN_DOCUMENTATION_COMMENTS = YES;
				CLANG_WARN_EMPTY_BODY = YES;
				CLANG_WARN_ENUM_CONVERSION = YES;
				CLANG_WARN_INFINITE_RECURSION = YES;
				CLANG_WARN_INT_CONVERSION = YES;
				CLANG_WARN_NON_LITERAL_NULL_CONVERSION = YES;
				CLANG_WARN_OBJC_IMPLICIT_RETAIN_SELF = YES;
				CLANG_WARN_OBJC_LITERAL_CONVERSION = YES;
				CLANG_WARN_OBJC_ROOT_CLASS = YES_ERROR;
				CLANG_WARN_RANGE_LOOP_ANALYSIS = YES;
				CLANG_WARN_STRICT_PROTOTYPES = YES;
				CLANG_WARN_SUSPICIOUS_MOVE = YES;
				CLANG_WARN_UNGUARDED_AVAILABILITY = YES_AGGRESSIVE;
				CLANG_WARN_UNREACHABLE_CODE = YES;
				CLANG_WARN__DUPLICATE_METHOD_MATCH = YES;
				CODE_SIGN_IDENTITY = "iPhone Developer";
				COPY_PHASE_STRIP = NO;
				DEBUG_INFORMATION_FORMAT = dwarf;
				ENABLE_STRICT_OBJC_MSGSEND = YES;
				ENABLE_TESTABILITY = YES;
				GCC_C_LANGUAGE_STANDARD = gnu11;
				GCC_DYNAMIC_NO_PIC = NO;
				GCC_NO_COMMON_BLOCKS = YES;
				GCC_OPTIMIZATION_LEVEL = 0;
				GCC_PREPROCESSOR_DEFINITIONS = (
					"DEBUG=1",
					"$(inherited)",
				);
				GCC_WARN_64_TO_32_BIT_CONVERSION = YES;
				GCC_WARN_ABOUT_RETURN_TYPE = YES_ERROR;
				GCC_WARN_UNDECLARED_SELECTOR = YES;
				GCC_WARN_UNINITIALIZED_AUTOS = YES_AGGRESSIVE;
				GCC_WARN_UNUSED_FUNCTION = YES;
				GCC_WARN_UNUSED_VARIABLE = YES;
				IPHONEOS_DEPLOYMENT_TARGET = 12.1;
				MTL_ENABLE_DEBUG_INFO = INCLUDE_SOURCE;
				MTL_FAST_MATH = YES;
				ONLY_ACTIVE_ARCH = YES;
				SDKROOT = iphoneos;
				SWIFT_ACTIVE_COMPILATION_CONDITIONS = DEBUG;
				SWIFT_OPTIMIZATION_LEVEL = "-Onone";
			};
			name = Debug;
		};
		B54EC3F122F4823E0071CCD7 /* Release */ = {
			isa = XCBuildConfiguration;
			buildSettings = {
				ALWAYS_SEARCH_USER_PATHS = NO;
				CLANG_ANALYZER_NONNULL = YES;
				CLANG_ANALYZER_NUMBER_OBJECT_CONVERSION = YES_AGGRESSIVE;
				CLANG_CXX_LANGUAGE_STANDARD = "gnu++14";
				CLANG_CXX_LIBRARY = "libc++";
				CLANG_ENABLE_MODULES = YES;
				CLANG_ENABLE_OBJC_ARC = YES;
				CLANG_ENABLE_OBJC_WEAK = YES;
				CLANG_WARN_BLOCK_CAPTURE_AUTORELEASING = YES;
				CLANG_WARN_BOOL_CONVERSION = YES;
				CLANG_WARN_COMMA = YES;
				CLANG_WARN_CONSTANT_CONVERSION = YES;
				CLANG_WARN_DEPRECATED_OBJC_IMPLEMENTATIONS = YES;
				CLANG_WARN_DIRECT_OBJC_ISA_USAGE = YES_ERROR;
				CLANG_WARN_DOCUMENTATION_COMMENTS = YES;
				CLANG_WARN_EMPTY_BODY = YES;
				CLANG_WARN_ENUM_CONVERSION = YES;
				CLANG_WARN_INFINITE_RECURSION = YES;
				CLANG_WARN_INT_CONVERSION = YES;
				CLANG_WARN_NON_LITERAL_NULL_CONVERSION = YES;
				CLANG_WARN_OBJC_IMPLICIT_RETAIN_SELF = YES;
				CLANG_WARN_OBJC_LITERAL_CONVERSION = YES;
				CLANG_WARN_OBJC_ROOT_CLASS = YES_ERROR;
				CLANG_WARN_RANGE_LOOP_ANALYSIS = YES;
				CLANG_WARN_STRICT_PROTOTYPES = YES;
				CLANG_WARN_SUSPICIOUS_MOVE = YES;
				CLANG_WARN_UNGUARDED_AVAILABILITY = YES_AGGRESSIVE;
				CLANG_WARN_UNREACHABLE_CODE = YES;
				CLANG_WARN__DUPLICATE_METHOD_MATCH = YES;
				CODE_SIGN_IDENTITY = "iPhone Developer";
				COPY_PHASE_STRIP = NO;
				DEBUG_INFORMATION_FORMAT = "dwarf-with-dsym";
				ENABLE_NS_ASSERTIONS = NO;
				ENABLE_STRICT_OBJC_MSGSEND = YES;
				GCC_C_LANGUAGE_STANDARD = gnu11;
				GCC_NO_COMMON_BLOCKS = YES;
				GCC_WARN_64_TO_32_BIT_CONVERSION = YES;
				GCC_WARN_ABOUT_RETURN_TYPE = YES_ERROR;
				GCC_WARN_UNDECLARED_SELECTOR = YES;
				GCC_WARN_UNINITIALIZED_AUTOS = YES_AGGRESSIVE;
				GCC_WARN_UNUSED_FUNCTION = YES;
				GCC_WARN_UNUSED_VARIABLE = YES;
				IPHONEOS_DEPLOYMENT_TARGET = 12.1;
				MTL_ENABLE_DEBUG_INFO = NO;
				MTL_FAST_MATH = YES;
				SDKROOT = iphoneos;
				SWIFT_COMPILATION_MODE = wholemodule;
				SWIFT_OPTIMIZATION_LEVEL = "-O";
				VALIDATE_PRODUCT = YES;
			};
			name = Release;
		};
		B54EC3F322F4823E0071CCD7 /* Debug */ = {
			isa = XCBuildConfiguration;
			buildSettings = {
				ASSETCATALOG_COMPILER_APPICON_NAME = AppIcon;
				CODE_SIGN_STYLE = Automatic;
				DEVELOPMENT_TEAM = Z29U9TK6XW;
				INFOPLIST_FILE = "LUCID WEATHER APP - iOLAP/Info.plist";
				LD_RUNPATH_SEARCH_PATHS = (
					"$(inherited)",
					"@executable_path/Frameworks",
				);
				PRODUCT_BUNDLE_IDENTIFIER = "i.LUCID-WEATHER-APP---iOLAP";
				PRODUCT_NAME = "$(TARGET_NAME)";
				SWIFT_VERSION = 4.2;
				TARGETED_DEVICE_FAMILY = "1,2";
			};
			name = Debug;
		};
		B54EC3F422F4823E0071CCD7 /* Release */ = {
			isa = XCBuildConfiguration;
			buildSettings = {
				ASSETCATALOG_COMPILER_APPICON_NAME = AppIcon;
				CODE_SIGN_STYLE = Automatic;
				DEVELOPMENT_TEAM = Z29U9TK6XW;
				INFOPLIST_FILE = "LUCID WEATHER APP - iOLAP/Info.plist";
				LD_RUNPATH_SEARCH_PATHS = (
					"$(inherited)",
					"@executable_path/Frameworks",
				);
				PRODUCT_BUNDLE_IDENTIFIER = "i.LUCID-WEATHER-APP---iOLAP";
				PRODUCT_NAME = "$(TARGET_NAME)";
				SWIFT_VERSION = 4.2;
				TARGETED_DEVICE_FAMILY = "1,2";
			};
			name = Release;
		};
/* End XCBuildConfiguration section */

/* Begin XCConfigurationList section */
		B54EC3D822F4823C0071CCD7 /* Build configuration list for PBXProject "LUCID WEATHER APP - iOLAP" */ = {
			isa = XCConfigurationList;
			buildConfigurations = (
				B54EC3F022F4823E0071CCD7 /* Debug */,
				B54EC3F122F4823E0071CCD7 /* Release */,
			);
			defaultConfigurationIsVisible = 0;
			defaultConfigurationName = Release;
		};
		B54EC3F222F4823E0071CCD7 /* Build configuration list for PBXNativeTarget "LUCID WEATHER APP - iOLAP" */ = {
			isa = XCConfigurationList;
			buildConfigurations = (
				B54EC3F322F4823E0071CCD7 /* Debug */,
				B54EC3F422F4823E0071CCD7 /* Release */,
			);
			defaultConfigurationIsVisible = 0;
			defaultConfigurationName = Release;
		};
/* End XCConfigurationList section */

/* Begin XCVersionGroup section */
		B54EC3E722F4823C0071CCD7 /* LUCID_WEATHER_APP___iOLAP.xcdatamodeld */ = {
			isa = XCVersionGroup;
			children = (
				B54EC3E822F4823C0071CCD7 /* LUCID_WEATHER_APP___iOLAP.xcdatamodel */,
			);
			currentVersion = B54EC3E822F4823C0071CCD7 /* LUCID_WEATHER_APP___iOLAP.xcdatamodel */;
			path = "LUCID_WEATHER_APP___iOLAP.xcdatamodeld";
			sourceTree = "<group>";
			versionGroupType = wrapper.xcdatamodel;
		};
/* End XCVersionGroup section */
	};
	rootObject = B54EC3D522F4823C0071CCD7 /* Project object */;
}
