// !$*UTF8*$!
{
	archiveVersion = 1;
	classes = {
	};
	objectVersion = 50;
	objects = {

/* Begin PBXBuildFile section */
		B502016322F4B1C70086622E /* CityNameCell.swift in Sources */ = {isa = PBXBuildFile; fileRef = B502016222F4B1C70086622E /* CityNameCell.swift */; };
		B502016A22F57A600086622E /* CityNameViewController.swift in Sources */ = {isa = PBXBuildFile; fileRef = B502016922F57A600086622E /* CityNameViewController.swift */; };
		B502016D22F57DC00086622E /* AlamofireManager.swift in Sources */ = {isa = PBXBuildFile; fileRef = B502016C22F57DC00086622E /* AlamofireManager.swift */; };
		B502017022F580660086622E /* Weather.swift in Sources */ = {isa = PBXBuildFile; fileRef = B502016F22F580660086622E /* Weather.swift */; };
		B502017422F5ABB40086622E /* WeatherForecastViewController.swift in Sources */ = {isa = PBXBuildFile; fileRef = B502017322F5ABB40086622E /* WeatherForecastViewController.swift */; };
		B53E95F722F6EFCA00429736 /* CityNameController.swift in Sources */ = {isa = PBXBuildFile; fileRef = B53E95F622F6EFCA00429736 /* CityNameController.swift */; };
		B53E95F922F6EFFC00429736 /* Cities.json in Resources */ = {isa = PBXBuildFile; fileRef = B53E95F822F6EFFC00429736 /* Cities.json */; };
		B53E95FB22F6F03100429736 /* CityNames.swift in Sources */ = {isa = PBXBuildFile; fileRef = B53E95FA22F6F03100429736 /* CityNames.swift */; };
		B53E95FD22F6F56900429736 /* WeatherForecastController.swift in Sources */ = {isa = PBXBuildFile; fileRef = B53E95FC22F6F56900429736 /* WeatherForecastController.swift */; };
		B53E960122F7131900429736 /* HistoryTableViewController.swift in Sources */ = {isa = PBXBuildFile; fileRef = B53E960022F7131900429736 /* HistoryTableViewController.swift */; };
		B53E960322F7132A00429736 /* HistoryController.swift in Sources */ = {isa = PBXBuildFile; fileRef = B53E960222F7132A00429736 /* HistoryController.swift */; };
		B54EC3E122F4823C0071CCD7 /* AppDelegate.swift in Sources */ = {isa = PBXBuildFile; fileRef = B54EC3E022F4823C0071CCD7 /* AppDelegate.swift */; };
		B54EC3E622F4823C0071CCD7 /* Main.storyboard in Resources */ = {isa = PBXBuildFile; fileRef = B54EC3E422F4823C0071CCD7 /* Main.storyboard */; };
		B54EC3E922F4823C0071CCD7 /* LUCID_WEATHER_APP___iOLAP.xcdatamodeld in Sources */ = {isa = PBXBuildFile; fileRef = B54EC3E722F4823C0071CCD7 /* LUCID_WEATHER_APP___iOLAP.xcdatamodeld */; };
		B54EC3EB22F4823E0071CCD7 /* Assets.xcassets in Resources */ = {isa = PBXBuildFile; fileRef = B54EC3EA22F4823E0071CCD7 /* Assets.xcassets */; };
		B54EC3EE22F4823E0071CCD7 /* LaunchScreen.storyboard in Resources */ = {isa = PBXBuildFile; fileRef = B54EC3EC22F4823E0071CCD7 /* LaunchScreen.storyboard */; };
		B868C91E39B044B69AE46F40 /* Pods_LUCID_WEATHER_APP___iOLAP.framework in Frameworks */ = {isa = PBXBuildFile; fileRef = 8AEDC7F30BB30206AC490922 /* Pods_LUCID_WEATHER_APP___iOLAP.framework */; };
/* End PBXBuildFile section */

/* Begin PBXFileReference section */
		876DDD5D956AB485524128DD /* Pods-LUCID WEATHER APP - iOLAP.release.xcconfig */ = {isa = PBXFileReference; includeInIndex = 1; lastKnownFileType = text.xcconfig; name = "Pods-LUCID WEATHER APP - iOLAP.release.xcconfig"; path = "Pods/Target Support Files/Pods-LUCID WEATHER APP - iOLAP/Pods-LUCID WEATHER APP - iOLAP.release.xcconfig"; sourceTree = "<group>"; };
		8AEDC7F30BB30206AC490922 /* Pods_LUCID_WEATHER_APP___iOLAP.framework */ = {isa = PBXFileReference; explicitFileType = wrapper.framework; includeInIndex = 0; path = "Pods_LUCID_WEATHER_APP___iOLAP.framework"; sourceTree = BUILT_PRODUCTS_DIR; };
		B502016222F4B1C70086622E /* CityNameCell.swift */ = {isa = PBXFileReference; lastKnownFileType = sourcecode.swift; path = CityNameCell.swift; sourceTree = "<group>"; };
		B502016922F57A600086622E /* CityNameViewController.swift */ = {isa = PBXFileReference; lastKnownFileType = sourcecode.swift; path = CityNameViewController.swift; sourceTree = "<group>"; };
		B502016C22F57DC00086622E /* AlamofireManager.swift */ = {isa = PBXFileReference; lastKnownFileType = sourcecode.swift; path = AlamofireManager.swift; sourceTree = "<group>"; };
		B502016F22F580660086622E /* Weather.swift */ = {isa = PBXFileReference; lastKnownFileType = sourcecode.swift; path = Weather.swift; sourceTree = "<group>"; };
		B502017322F5ABB40086622E /* WeatherForecastViewController.swift */ = {isa = PBXFileReference; lastKnownFileType = sourcecode.swift; path = WeatherForecastViewController.swift; sourceTree = "<group>"; };
		B53E95F622F6EFCA00429736 /* CityNameController.swift */ = {isa = PBXFileReference; lastKnownFileType = sourcecode.swift; path = CityNameController.swift; sourceTree = "<group>"; };
		B53E95F822F6EFFC00429736 /* Cities.json */ = {isa = PBXFileReference; fileEncoding = 4; lastKnownFileType = text.json; path = Cities.json; sourceTree = "<group>"; };
		B53E95FA22F6F03100429736 /* CityNames.swift */ = {isa = PBXFileReference; lastKnownFileType = sourcecode.swift; path = CityNames.swift; sourceTree = "<group>"; };
		B53E95FC22F6F56900429736 /* WeatherForecastController.swift */ = {isa = PBXFileReference; lastKnownFileType = sourcecode.swift; path = WeatherForecastController.swift; sourceTree = "<group>"; };
		B53E960022F7131900429736 /* HistoryTableViewController.swift */ = {isa = PBXFileReference; lastKnownFileType = sourcecode.swift; path = HistoryTableViewController.swift; sourceTree = "<group>"; };
		B53E960222F7132A00429736 /* HistoryController.swift */ = {isa = PBXFileReference; lastKnownFileType = sourcecode.swift; path = HistoryController.swift; sourceTree = "<group>"; };
		B54EC3DD22F4823C0071CCD7 /* LUCID WEATHER APP - iOLAP.app */ = {isa = PBXFileReference; explicitFileType = wrapper.application; includeInIndex = 0; path = "LUCID WEATHER APP - iOLAP.app"; sourceTree = BUILT_PRODUCTS_DIR; };
		B54EC3E022F4823C0071CCD7 /* AppDelegate.swift */ = {isa = PBXFileReference; lastKnownFileType = sourcecode.swift; path = AppDelegate.swift; sourceTree = "<group>"; };
		B54EC3E522F4823C0071CCD7 /* Base */ = {isa = PBXFileReference; lastKnownFileType = file.storyboard; name = Base; path = Base.lproj/Main.storyboard; sourceTree = "<group>"; };
		B54EC3E822F4823C0071CCD7 /* LUCID_WEATHER_APP___iOLAP.xcdatamodel */ = {isa = PBXFileReference; lastKnownFileType = wrapper.xcdatamodel; path = "LUCID_WEATHER_APP___iOLAP.xcdatamodel"; sourceTree = "<group>"; };
		B54EC3EA22F4823E0071CCD7 /* Assets.xcassets */ = {isa = PBXFileReference; lastKnownFileType = folder.assetcatalog; path = Assets.xcassets; sourceTree = "<group>"; };
		B54EC3ED22F4823E0071CCD7 /* Base */ = {isa = PBXFileReference; lastKnownFileType = file.storyboard; name = Base; path = Base.lproj/LaunchScreen.storyboard; sourceTree = "<group>"; };
		B54EC3EF22F4823E0071CCD7 /* Info.plist */ = {isa = PBXFileReference; lastKnownFileType = text.plist.xml; path = Info.plist; sourceTree = "<group>"; };
		FB60606480DB92D0A08F93B3 /* Pods-LUCID WEATHER APP - iOLAP.debug.xcconfig */ = {isa = PBXFileReference; includeInIndex = 1; lastKnownFileType = text.xcconfig; name = "Pods-LUCID WEATHER APP - iOLAP.debug.xcconfig"; path = "Pods/Target Support Files/Pods-LUCID WEATHER APP - iOLAP/Pods-LUCID WEATHER APP - iOLAP.debug.xcconfig"; sourceTree = "<group>"; };
/* End PBXFileReference section */

/* Begin PBXFrameworksBuildPhase section */
		B54EC3DA22F4823C0071CCD7 /* Frameworks */ = {
			isa = PBXFrameworksBuildPhase;
			buildActionMask = 2147483647;
			files = (
				B868C91E39B044B69AE46F40 /* Pods_LUCID_WEATHER_APP___iOLAP.framework in Frameworks */,
			);
			runOnlyForDeploymentPostprocessing = 0;
		};
/* End PBXFrameworksBuildPhase section */

/* Begin PBXGroup section */
		26E257DED63875E6CE1D009D /* Pods */ = {
			isa = PBXGroup;
			children = (
				FB60606480DB92D0A08F93B3 /* Pods-LUCID WEATHER APP - iOLAP.debug.xcconfig */,
				876DDD5D956AB485524128DD /* Pods-LUCID WEATHER APP - iOLAP.release.xcconfig */,
			);
			name = Pods;
			sourceTree = "<group>";
		};
		784C81827FA89B79E57C8B59 /* Frameworks */ = {
			isa = PBXGroup;
			children = (
				8AEDC7F30BB30206AC490922 /* Pods_LUCID_WEATHER_APP___iOLAP.framework */,
			);
			name = Frameworks;
			sourceTree = "<group>";
		};
		B502016422F4B1DF0086622E /* CityNameTableView */ = {
			isa = PBXGroup;
			children = (
				B502016622F4B2060086622E /* Controller */,
				B502016522F4B1F10086622E /* Views */,
			);
			path = CityNameTableView;
			sourceTree = "<group>";
		};
		B502016522F4B1F10086622E /* Views */ = {
			isa = PBXGroup;
			children = (
				B502016222F4B1C70086622E /* CityNameCell.swift */,
				B502016922F57A600086622E /* CityNameViewController.swift */,
			);
			path = Views;
			sourceTree = "<group>";
		};
		B502016622F4B2060086622E /* Controller */ = {
			isa = PBXGroup;
			children = (
				B53E95F622F6EFCA00429736 /* CityNameController.swift */,
			);
			path = Controller;
			sourceTree = "<group>";
		};
		B502016722F578410086622E /* WeatherForecast */ = {
			isa = PBXGroup;
			children = (
				B502017222F5AB960086622E /* Controller */,
				B502017122F5AB8B0086622E /* View */,
			);
			path = WeatherForecast;
			sourceTree = "<group>";
		};
		B502016822F5785D0086622E /* History */ = {
			isa = PBXGroup;
			children = (
				B53E95FF22F712DC00429736 /* Controller */,
				B53E95FE22F712D200429736 /* View */,
			);
			path = History;
			sourceTree = "<group>";
		};
		B502016B22F57D3D0086622E /* Network */ = {
			isa = PBXGroup;
			children = (
				B502016C22F57DC00086622E /* AlamofireManager.swift */,
			);
			path = Network;
			sourceTree = "<group>";
		};
		B502016E22F580500086622E /* Model */ = {
			isa = PBXGroup;
			children = (
				B502016F22F580660086622E /* Weather.swift */,
				B53E95FA22F6F03100429736 /* CityNames.swift */,
				B53E95F822F6EFFC00429736 /* Cities.json */,
			);
			path = Model;
			sourceTree = "<group>";
		};
		B502017122F5AB8B0086622E /* View */ = {
			isa = PBXGroup;
			children = (
				B502017322F5ABB40086622E /* WeatherForecastViewController.swift */,
			);
			path = View;
			sourceTree = "<group>";
		};
		B502017222F5AB960086622E /* Controller */ = {
			isa = PBXGroup;
			children = (
				B53E95FC22F6F56900429736 /* WeatherForecastController.swift */,
			);
			path = Controller;
			sourceTree = "<group>";
		};
		B53E95FE22F712D200429736 /* View */ = {
			isa = PBXGroup;
			children = (
				B53E960022F7131900429736 /* HistoryTableViewController.swift */,
			);
			path = View;
			sourceTree = "<group>";
		};
		B53E95FF22F712DC00429736 /* Controller */ = {
			isa = PBXGroup;
			children = (
				B53E960222F7132A00429736 /* HistoryController.swift */,
			);
			path = Controller;
			sourceTree = "<group>";
		};
		B54EC3D422F4823C0071CCD7 = {
			isa = PBXGroup;
			children = (
				B54EC3DF22F4823C0071CCD7 /* LUCID WEATHER APP - iOLAP */,
				B54EC3DE22F4823C0071CCD7 /* Products */,
				26E257DED63875E6CE1D009D /* Pods */,
				784C81827FA89B79E57C8B59 /* Frameworks */,
			);
			sourceTree = "<group>";
		};
		B54EC3DE22F4823C0071CCD7 /* Products */ = {
			isa = PBXGroup;
			children = (
				B54EC3DD22F4823C0071CCD7 /* LUCID WEATHER APP - iOLAP.app */,
			);
			name = Products;
			sourceTree = "<group>";
		};
		B54EC3DF22F4823C0071CCD7 /* LUCID WEATHER APP - iOLAP */ = {
			isa = PBXGroup;
			children = (
				B502016E22F580500086622E /* Model */,
				B502016B22F57D3D0086622E /* Network */,
				B502016822F5785D0086622E /* History */,
				B502016722F578410086622E /* WeatherForecast */,
				B502016422F4B1DF0086622E /* CityNameTableView */,
				B54EC3E022F4823C0071CCD7 /* AppDelegate.swift */,
				B54EC3E422F4823C0071CCD7 /* Main.storyboard */,
				B54EC3EA22F4823E0071CCD7 /* Assets.xcassets */,
				B54EC3EC22F4823E0071CCD7 /* LaunchScreen.storyboard */,
				B54EC3EF22F4823E0071CCD7 /* Info.plist */,
				B54EC3E722F4823C0071CCD7 /* LUCID_WEATHER_APP___iOLAP.xcdatamodeld */,
			);
			path = "LUCID WEATHER APP - iOLAP";
			sourceTree = "<group>";
		};
/* End PBXGroup section */

/* Begin PBXNativeTarget section */
		B54EC3DC22F4823C0071CCD7 /* LUCID WEATHER APP - iOLAP */ = {
			isa = PBXNativeTarget;
			buildConfigurationList = B54EC3F222F4823E0071CCD7 /* Build configuration list for PBXNativeTarget "LUCID WEATHER APP - iOLAP" */;
			buildPhases = (
				85C2613D14D16F418DBB06F2 /* [CP] Check Pods Manifest.lock */,
				B54EC3D922F4823C0071CCD7 /* Sources */,
				B54EC3DA22F4823C0071CCD7 /* Frameworks */,
				B54EC3DB22F4823C0071CCD7 /* Resources */,
				0F2BA7F000C694B1C59BAAFA /* [CP] Embed Pods Frameworks */,
			);
			buildRules = (
			);
			dependencies = (
			);
			name = "LUCID WEATHER APP - iOLAP";
			productName = "LUCID WEATHER APP - iOLAP";
			productReference = B54EC3DD22F4823C0071CCD7 /* LUCID WEATHER APP - iOLAP.app */;
			productType = "com.apple.product-type.application";
		};
/* End PBXNativeTarget section */

/* Begin PBXProject section */
		B54EC3D522F4823C0071CCD7 /* Project object */ = {
			isa = PBXProject;
			attributes = {
				LastSwiftUpdateCheck = 1010;
				LastUpgradeCheck = 1010;
				ORGANIZATIONNAME = "Mateo Doslic";
				TargetAttributes = {
					B54EC3DC22F4823C0071CCD7 = {
						CreatedOnToolsVersion = 10.1;
					};
				};
			};
			buildConfigurationList = B54EC3D822F4823C0071CCD7 /* Build configuration list for PBXProject "LUCID WEATHER APP - iOLAP" */;
			compatibilityVersion = "Xcode 9.3";
			developmentRegion = en;
			hasScannedForEncodings = 0;
			knownRegions = (
				en,
				Base,
			);
			mainGroup = B54EC3D422F4823C0071CCD7;
			productRefGroup = B54EC3DE22F4823C0071CCD7 /* Products */;
			projectDirPath = "";
			projectRoot = "";
			targets = (
				B54EC3DC22F4823C0071CCD7 /* LUCID WEATHER APP - iOLAP */,
			);
		};
/* End PBXProject section */

/* Begin PBXResourcesBuildPhase section */
		B54EC3DB22F4823C0071CCD7 /* Resources */ = {
			isa = PBXResourcesBuildPhase;
			buildActionMask = 2147483647;
			files = (
				B53E95F922F6EFFC00429736 /* Cities.json in Resources */,
				B54EC3EE22F4823E0071CCD7 /* LaunchScreen.storyboard in Resources */,
				B54EC3EB22F4823E0071CCD7 /* Assets.xcassets in Resources */,
				B54EC3E622F4823C0071CCD7 /* Main.storyboard in Resources */,
			);
			runOnlyForDeploymentPostprocessing = 0;
		};
/* End PBXResourcesBuildPhase section */

/* Begin PBXShellScriptBuildPhase section */
		0F2BA7F000C694B1C59BAAFA /* [CP] Embed Pods Frameworks */ = {
			isa = PBXShellScriptBuildPhase;
			buildActionMask = 2147483647;
			files = (
			);
			inputPaths = (
				"${SRCROOT}/Pods/Target Support Files/Pods-LUCID WEATHER APP - iOLAP/Pods-LUCID WEATHER APP - iOLAP-frameworks.sh",
				"${BUILT_PRODUCTS_DIR}/Alamofire/Alamofire.framework",
			);
			name = "[CP] Embed Pods Frameworks";
			outputPaths = (
				"${TARGET_BUILD_DIR}/${FRAMEWORKS_FOLDER_PATH}/Alamofire.framework",
			);
			runOnlyForDeploymentPostprocessing = 0;
			shellPath = /bin/sh;
			shellScript = "\"${SRCROOT}/Pods/Target Support Files/Pods-LUCID WEATHER APP - iOLAP/Pods-LUCID WEATHER APP - iOLAP-frameworks.sh\"\n";
			showEnvVarsInLog = 0;
		};
		85C2613D14D16F418DBB06F2 /* [CP] Check Pods Manifest.lock */ = {
			isa = PBXShellScriptBuildPhase;
			buildActionMask = 2147483647;
			files = (
			);
			inputPaths = (
				"${PODS_PODFILE_DIR_PATH}/Podfile.lock",
				"${PODS_ROOT}/Manifest.lock",
			);
			name = "[CP] Check Pods Manifest.lock";
			outputPaths = (
				"$(DERIVED_FILE_DIR)/Pods-LUCID WEATHER APP - iOLAP-checkManifestLockResult.txt",
			);
			runOnlyForDeploymentPostprocessing = 0;
			shellPath = /bin/sh;
			shellScript = "diff \"${PODS_PODFILE_DIR_PATH}/Podfile.lock\" \"${PODS_ROOT}/Manifest.lock\" > /dev/null\nif [ $? != 0 ] ; then\n    # print error to STDERR\n    echo \"error: The sandbox is not in sync with the Podfile.lock. Run 'pod install' or update your CocoaPods installation.\" >&2\n    exit 1\nfi\n# This output is used by Xcode 'outputs' to avoid re-running this script phase.\necho \"SUCCESS\" > \"${SCRIPT_OUTPUT_FILE_0}\"\n";
			showEnvVarsInLog = 0;
		};
/* End PBXShellScriptBuildPhase section */

/* Begin PBXSourcesBuildPhase section */
		B54EC3D922F4823C0071CCD7 /* Sources */ = {
			isa = PBXSourcesBuildPhase;
			buildActionMask = 2147483647;
			files = (
				B502016A22F57A600086622E /* CityNameViewController.swift in Sources */,
				B53E95FD22F6F56900429736 /* WeatherForecastController.swift in Sources */,
				B53E95F722F6EFCA00429736 /* CityNameController.swift in Sources */,
				B53E95FB22F6F03100429736 /* CityNames.swift in Sources */,
				B53E960322F7132A00429736 /* HistoryController.swift in Sources */,
				B54EC3E122F4823C0071CCD7 /* AppDelegate.swift in Sources */,
				B502016322F4B1C70086622E /* CityNameCell.swift in Sources */,
				B502016D22F57DC00086622E /* AlamofireManager.swift in Sources */,
				B502017022F580660086622E /* Weather.swift in Sources */,
				B53E960122F7131900429736 /* HistoryTableViewController.swift in Sources */,
				B54EC3E922F4823C0071CCD7 /* LUCID_WEATHER_APP___iOLAP.xcdatamodeld in Sources */,
				B502017422F5ABB40086622E /* WeatherForecastViewController.swift in Sources */,
			);
			runOnlyForDeploymentPostprocessing = 0;
		};
/* End PBXSourcesBuildPhase section */

/* Begin PBXVariantGroup section */
		B54EC3E422F4823C0071CCD7 /* Main.storyboard */ = {
			isa = PBXVariantGroup;
			children = (
				B54EC3E522F4823C0071CCD7 /* Base */,
			);
			name = Main.storyboard;
			sourceTree = "<group>";
		};
		B54EC3EC22F4823E0071CCD7 /* LaunchScreen.storyboard */ = {
			isa = PBXVariantGroup;
			children = (
				B54EC3ED22F4823E0071CCD7 /* Base */,
			);
			name = LaunchScreen.storyboard;
			sourceTree = "<group>";
		};
/* End PBXVariantGroup section */

/* Begin XCBuildConfiguration section */
		B54EC3F022F4823E0071CCD7 /* Debug */ = {
			isa = XCBuildConfiguration;
			buildSettings = {
				ALWAYS_SEARCH_USER_PATHS = NO;
				CLANG_ANALYZER_NONNULL = YES;
				CLANG_ANALYZER_NUMBER_OBJECT_CONVERSION = YES_AGGRESSIVE;
				CLANG_CXX_LANGUAGE_STANDARD = "gnu++14";
				CLANG_CXX_LIBRARY = "libc++";
				CLANG_ENABLE_MODULES = YES;
				CLANG_ENABLE_OBJC_ARC = YES;
				CLANG_ENABLE_OBJC_WEAK = YES;
				CLANG_WARN_BLOCK_CAPTURE_AUTORELEASING = YES;
				CLANG_WARN_BOOL_CONVERSION = YES;
				CLANG_WARN_COMMA = YES;
				CLANG_WARN_CONSTANT_CONVERSION = YES;
				CLANG_WARN_DEPRECATED_OBJC_IMPLEMENTATIONS = YES;
				CLANG_WARN_DIRECT_OBJC_ISA_USAGE = YES_ERROR;
				CLANG_WARN_DOCUMENTATION_COMMENTS = YES;
				CLANG_WARN_EMPTY_BODY = YES;
				CLANG_WARN_ENUM_CONVERSION = YES;
				CLANG_WARN_INFINITE_RECURSION = YES;
				CLANG_WARN_INT_CONVERSION = YES;
				CLANG_WARN_NON_LITERAL_NULL_CONVERSION = YES;
				CLANG_WARN_OBJC_IMPLICIT_RETAIN_SELF = YES;
				CLANG_WARN_OBJC_LITERAL_CONVERSION = YES;
				CLANG_WARN_OBJC_ROOT_CLASS = YES_ERROR;
				CLANG_WARN_RANGE_LOOP_ANALYSIS = YES;
				CLANG_WARN_STRICT_PROTOTYPES = YES;
				CLANG_WARN_SUSPICIOUS_MOVE = YES;
				CLANG_WARN_UNGUARDED_AVAILABILITY = YES_AGGRESSIVE;
				CLANG_WARN_UNREACHABLE_CODE = YES;
				CLANG_WARN__DUPLICATE_METHOD_MATCH = YES;
				CODE_SIGN_IDENTITY = "iPhone Developer";
				COPY_PHASE_STRIP = NO;
				DEBUG_INFORMATION_FORMAT = dwarf;
				ENABLE_STRICT_OBJC_MSGSEND = YES;
				ENABLE_TESTABILITY = YES;
				GCC_C_LANGUAGE_STANDARD = gnu11;
				GCC_DYNAMIC_NO_PIC = NO;
				GCC_NO_COMMON_BLOCKS = YES;
				GCC_OPTIMIZATION_LEVEL = 0;
				GCC_PREPROCESSOR_DEFINITIONS = (
					"DEBUG=1",
					"$(inherited)",
				);
				GCC_WARN_64_TO_32_BIT_CONVERSION = YES;
				GCC_WARN_ABOUT_RETURN_TYPE = YES_ERROR;
				GCC_WARN_UNDECLARED_SELECTOR = YES;
				GCC_WARN_UNINITIALIZED_AUTOS = YES_AGGRESSIVE;
				GCC_WARN_UNUSED_FUNCTION = YES;
				GCC_WARN_UNUSED_VARIABLE = YES;
				IPHONEOS_DEPLOYMENT_TARGET = 12.1;
				MTL_ENABLE_DEBUG_INFO = INCLUDE_SOURCE;
				MTL_FAST_MATH = YES;
				ONLY_ACTIVE_ARCH = YES;
				SDKROOT = iphoneos;
				SWIFT_ACTIVE_COMPILATION_CONDITIONS = DEBUG;
				SWIFT_OPTIMIZATION_LEVEL = "-Onone";
			};
			name = Debug;
		};
		B54EC3F122F4823E0071CCD7 /* Release */ = {
			isa = XCBuildConfiguration;
			buildSettings = {
				ALWAYS_SEARCH_USER_PATHS = NO;
				CLANG_ANALYZER_NONNULL = YES;
				CLANG_ANALYZER_NUMBER_OBJECT_CONVERSION = YES_AGGRESSIVE;
				CLANG_CXX_LANGUAGE_STANDARD = "gnu++14";
				CLANG_CXX_LIBRARY = "libc++";
				CLANG_ENABLE_MODULES = YES;
				CLANG_ENABLE_OBJC_ARC = YES;
				CLANG_ENABLE_OBJC_WEAK = YES;
				CLANG_WARN_BLOCK_CAPTURE_AUTORELEASING = YES;
				CLANG_WARN_BOOL_CONVERSION = YES;
				CLANG_WARN_COMMA = YES;
				CLANG_WARN_CONSTANT_CONVERSION = YES;
				CLANG_WARN_DEPRECATED_OBJC_IMPLEMENTATIONS = YES;
				CLANG_WARN_DIRECT_OBJC_ISA_USAGE = YES_ERROR;
				CLANG_WARN_DOCUMENTATION_COMMENTS = YES;
				CLANG_WARN_EMPTY_BODY = YES;
				CLANG_WARN_ENUM_CONVERSION = YES;
				CLANG_WARN_INFINITE_RECURSION = YES;
				CLANG_WARN_INT_CONVERSION = YES;
				CLANG_WARN_NON_LITERAL_NULL_CONVERSION = YES;
				CLANG_WARN_OBJC_IMPLICIT_RETAIN_SELF = YES;
				CLANG_WARN_OBJC_LITERAL_CONVERSION = YES;
				CLANG_WARN_OBJC_ROOT_CLASS = YES_ERROR;
				CLANG_WARN_RANGE_LOOP_ANALYSIS = YES;
				CLANG_WARN_STRICT_PROTOTYPES = YES;
				CLANG_WARN_SUSPICIOUS_MOVE = YES;
				CLANG_WARN_UNGUARDED_AVAILABILITY = YES_AGGRESSIVE;
				CLANG_WARN_UNREACHABLE_CODE = YES;
				CLANG_WARN__DUPLICATE_METHOD_MATCH = YES;
				CODE_SIGN_IDENTITY = "iPhone Developer";
				COPY_PHASE_STRIP = NO;
				DEBUG_INFORMATION_FORMAT = "dwarf-with-dsym";
				ENABLE_NS_ASSERTIONS = NO;
				ENABLE_STRICT_OBJC_MSGSEND = YES;
				GCC_C_LANGUAGE_STANDARD = gnu11;
				GCC_NO_COMMON_BLOCKS = YES;
				GCC_WARN_64_TO_32_BIT_CONVERSION = YES;
				GCC_WARN_ABOUT_RETURN_TYPE = YES_ERROR;
				GCC_WARN_UNDECLARED_SELECTOR = YES;
				GCC_WARN_UNINITIALIZED_AUTOS = YES_AGGRESSIVE;
				GCC_WARN_UNUSED_FUNCTION = YES;
				GCC_WARN_UNUSED_VARIABLE = YES;
				IPHONEOS_DEPLOYMENT_TARGET = 12.1;
				MTL_ENABLE_DEBUG_INFO = NO;
				MTL_FAST_MATH = YES;
				SDKROOT = iphoneos;
				SWIFT_COMPILATION_MODE = wholemodule;
				SWIFT_OPTIMIZATION_LEVEL = "-O";
				VALIDATE_PRODUCT = YES;
			};
			name = Release;
		};
		B54EC3F322F4823E0071CCD7 /* Debug */ = {
			isa = XCBuildConfiguration;
			baseConfigurationReference = FB60606480DB92D0A08F93B3 /* Pods-LUCID WEATHER APP - iOLAP.debug.xcconfig */;
			buildSettings = {
				ASSETCATALOG_COMPILER_APPICON_NAME = AppIcon;
				CODE_SIGN_STYLE = Automatic;
				DEVELOPMENT_TEAM = Z29U9TK6XW;
				INFOPLIST_FILE = "LUCID WEATHER APP - iOLAP/Info.plist";
				IPHONEOS_DEPLOYMENT_TARGET = 11.0;
				LD_RUNPATH_SEARCH_PATHS = (
					"$(inherited)",
					"@executable_path/Frameworks",
				);
				PRODUCT_BUNDLE_IDENTIFIER = "i.LUCID-WEATHER-APP---iOLAP";
				PRODUCT_NAME = "$(TARGET_NAME)";
				SWIFT_VERSION = 4.2;
				TARGETED_DEVICE_FAMILY = "1,2";
			};
			name = Debug;
		};
		B54EC3F422F4823E0071CCD7 /* Release */ = {
			isa = XCBuildConfiguration;
			baseConfigurationReference = 876DDD5D956AB485524128DD /* Pods-LUCID WEATHER APP - iOLAP.release.xcconfig */;
			buildSettings = {
				ASSETCATALOG_COMPILER_APPICON_NAME = AppIcon;
				CODE_SIGN_STYLE = Automatic;
				DEVELOPMENT_TEAM = Z29U9TK6XW;
				INFOPLIST_FILE = "LUCID WEATHER APP - iOLAP/Info.plist";
				IPHONEOS_DEPLOYMENT_TARGET = 11.0;
				LD_RUNPATH_SEARCH_PATHS = (
					"$(inherited)",
					"@executable_path/Frameworks",
				);
				PRODUCT_BUNDLE_IDENTIFIER = "i.LUCID-WEATHER-APP---iOLAP";
				PRODUCT_NAME = "$(TARGET_NAME)";
				SWIFT_VERSION = 4.2;
				TARGETED_DEVICE_FAMILY = "1,2";
			};
			name = Release;
		};
/* End XCBuildConfiguration section */

/* Begin XCConfigurationList section */
		B54EC3D822F4823C0071CCD7 /* Build configuration list for PBXProject "LUCID WEATHER APP - iOLAP" */ = {
			isa = XCConfigurationList;
			buildConfigurations = (
				B54EC3F022F4823E0071CCD7 /* Debug */,
				B54EC3F122F4823E0071CCD7 /* Release */,
			);
			defaultConfigurationIsVisible = 0;
			defaultConfigurationName = Release;
		};
		B54EC3F222F4823E0071CCD7 /* Build configuration list for PBXNativeTarget "LUCID WEATHER APP - iOLAP" */ = {
			isa = XCConfigurationList;
			buildConfigurations = (
				B54EC3F322F4823E0071CCD7 /* Debug */,
				B54EC3F422F4823E0071CCD7 /* Release */,
			);
			defaultConfigurationIsVisible = 0;
			defaultConfigurationName = Release;
		};
/* End XCConfigurationList section */

/* Begin XCVersionGroup section */
		B54EC3E722F4823C0071CCD7 /* LUCID_WEATHER_APP___iOLAP.xcdatamodeld */ = {
			isa = XCVersionGroup;
			children = (
				B54EC3E822F4823C0071CCD7 /* LUCID_WEATHER_APP___iOLAP.xcdatamodel */,
			);
			currentVersion = B54EC3E822F4823C0071CCD7 /* LUCID_WEATHER_APP___iOLAP.xcdatamodel */;
			path = "LUCID_WEATHER_APP___iOLAP.xcdatamodeld";
			sourceTree = "<group>";
			versionGroupType = wrapper.xcdatamodel;
		};
/* End XCVersionGroup section */
	};
	rootObject = B54EC3D522F4823C0071CCD7 /* Project object */;
}
